
Microsoft Visual Studio Solution File, Format Version 12.00
# Visual Studio Version 17
VisualStudioVersion = 17.1.31911.260
MinimumVisualStudioVersion = 10.0.40219.1
Project("{9A19103F-16F7-4668-BE54-9A1E7A4F7556}") = "Core", "Core\Core.csproj", "{653C4E1C-8831-4EDB-8D25-D6F2D1A0A1A8}"
EndProject
Project("{9A19103F-16F7-4668-BE54-9A1E7A4F7556}") = "Core.Tests", "Core.Tests\Core.Tests.csproj", "{F86661D3-D157-4B00-94E0-21E925E72622}"
EndProject
Project("{9A19103F-16F7-4668-BE54-9A1E7A4F7556}") = "DataStore", "DataStore\DataStore.csproj", "{A6E1F0C1-4416-4E1A-80BE-399F44361E45}"
EndProject
Project("{9A19103F-16F7-4668-BE54-9A1E7A4F7556}") = "DataStore.Interfaces", "DataStore.Interfaces\DataStore.Interfaces.csproj", "{D0E8642B-C9B9-419D-AE96-B4D3668E1218}"
EndProject
Project("{9A19103F-16F7-4668-BE54-9A1E7A4F7556}") = "RestApi", "RestApi\RestApi.csproj", "{5900C55D-CB0E-4B91-9E22-18FB2902C991}"
EndProject
Project("{9A19103F-16F7-4668-BE54-9A1E7A4F7556}") = "BudgetPlanner.Blazor", "BudgetPlanner.Blazor\BudgetPlanner.Blazor.csproj", "{236F3273-087B-4963-B11E-8C19A1868CA2}"
EndProject
Global
	GlobalSection(SolutionConfigurationPlatforms) = preSolution
		Debug|Any CPU = Debug|Any CPU
		Release|Any CPU = Release|Any CPU
	EndGlobalSection
	GlobalSection(ProjectConfigurationPlatforms) = postSolution
		{653C4E1C-8831-4EDB-8D25-D6F2D1A0A1A8}.Debug|Any CPU.ActiveCfg = Debug|Any CPU
		{653C4E1C-8831-4EDB-8D25-D6F2D1A0A1A8}.Debug|Any CPU.Build.0 = Debug|Any CPU
		{653C4E1C-8831-4EDB-8D25-D6F2D1A0A1A8}.Release|Any CPU.ActiveCfg = Release|Any CPU
		{653C4E1C-8831-4EDB-8D25-D6F2D1A0A1A8}.Release|Any CPU.Build.0 = Release|Any CPU
		{F86661D3-D157-4B00-94E0-21E925E72622}.Debug|Any CPU.ActiveCfg = Debug|Any CPU
		{F86661D3-D157-4B00-94E0-21E925E72622}.Debug|Any CPU.Build.0 = Debug|Any CPU
		{F86661D3-D157-4B00-94E0-21E925E72622}.Release|Any CPU.ActiveCfg = Release|Any CPU
		{F86661D3-D157-4B00-94E0-21E925E72622}.Release|Any CPU.Build.0 = Release|Any CPU
		{A6E1F0C1-4416-4E1A-80BE-399F44361E45}.Debug|Any CPU.ActiveCfg = Debug|Any CPU
		{A6E1F0C1-4416-4E1A-80BE-399F44361E45}.Debug|Any CPU.Build.0 = Debug|Any CPU
		{A6E1F0C1-4416-4E1A-80BE-399F44361E45}.Release|Any CPU.ActiveCfg = Release|Any CPU
		{A6E1F0C1-4416-4E1A-80BE-399F44361E45}.Release|Any CPU.Build.0 = Release|Any CPU
		{D0E8642B-C9B9-419D-AE96-B4D3668E1218}.Debug|Any CPU.ActiveCfg = Debug|Any CPU
		{D0E8642B-C9B9-419D-AE96-B4D3668E1218}.Debug|Any CPU.Build.0 = Debug|Any CPU
		{D0E8642B-C9B9-419D-AE96-B4D3668E1218}.Release|Any CPU.ActiveCfg = Release|Any CPU
		{D0E8642B-C9B9-419D-AE96-B4D3668E1218}.Release|Any CPU.Build.0 = Release|Any CPU
		{5900C55D-CB0E-4B91-9E22-18FB2902C991}.Debug|Any CPU.ActiveCfg = Debug|Any CPU
		{5900C55D-CB0E-4B91-9E22-18FB2902C991}.Debug|Any CPU.Build.0 = Debug|Any CPU
		{5900C55D-CB0E-4B91-9E22-18FB2902C991}.Release|Any CPU.ActiveCfg = Release|Any CPU
		{5900C55D-CB0E-4B91-9E22-18FB2902C991}.Release|Any CPU.Build.0 = Release|Any CPU
		{236F3273-087B-4963-B11E-8C19A1868CA2}.Debug|Any CPU.ActiveCfg = Debug|Any CPU
		{236F3273-087B-4963-B11E-8C19A1868CA2}.Debug|Any CPU.Build.0 = Debug|Any CPU
		{236F3273-087B-4963-B11E-8C19A1868CA2}.Release|Any CPU.ActiveCfg = Release|Any CPU
		{236F3273-087B-4963-B11E-8C19A1868CA2}.Release|Any CPU.Build.0 = Release|Any CPU
	EndGlobalSection
	GlobalSection(SolutionProperties) = preSolution
		HideSolutionNode = FALSE
	EndGlobalSection
	GlobalSection(ExtensibilityGlobals) = postSolution
		SolutionGuid = {E39D40C9-FA50-4036-B942-A53BECAB400A}
	EndGlobalSection
EndGlobal
